// !$*UTF8*$!
{
	archiveVersion = 1;
	classes = {
	};
	objectVersion = 50;
	objects = {

/* Begin PBXBuildFile section */
		A0E4A8B920FF743700392362 /* CoraFramework.framework in Frameworks */ = {isa = PBXBuildFile; fileRef = A0E4A8AF20FF743700392362 /* CoraFramework.framework */; };
		A0E4A8BE20FF743700392362 /* CoraFrameworkTests.swift in Sources */ = {isa = PBXBuildFile; fileRef = A0E4A8BD20FF743700392362 /* CoraFrameworkTests.swift */; };
		A0E4A8C020FF743700392362 /* CoraFramework.h in Headers */ = {isa = PBXBuildFile; fileRef = A0E4A8B220FF743700392362 /* CoraFramework.h */; settings = {ATTRIBUTES = (Public, ); }; };
		A0E4A8CA20FF756300392362 /* Cora.swift in Sources */ = {isa = PBXBuildFile; fileRef = A0E4A8C920FF756300392362 /* Cora.swift */; };
/* End PBXBuildFile section */

/* Begin PBXContainerItemProxy section */
		A0E4A8BA20FF743700392362 /* PBXContainerItemProxy */ = {
			isa = PBXContainerItemProxy;
			containerPortal = A0E4A8A620FF743700392362 /* Project object */;
			proxyType = 1;
			remoteGlobalIDString = A0E4A8AE20FF743700392362;
			remoteInfo = CoraFramework;
		};
/* End PBXContainerItemProxy section */

/* Begin PBXFileReference section */
		A0E4A8AF20FF743700392362 /* CoraFramework.framework */ = {isa = PBXFileReference; explicitFileType = wrapper.framework; includeInIndex = 0; path = CoraFramework.framework; sourceTree = BUILT_PRODUCTS_DIR; };
		A0E4A8B220FF743700392362 /* CoraFramework.h */ = {isa = PBXFileReference; lastKnownFileType = sourcecode.c.h; path = CoraFramework.h; sourceTree = "<group>"; };
		A0E4A8B320FF743700392362 /* Info.plist */ = {isa = PBXFileReference; lastKnownFileType = text.plist.xml; path = Info.plist; sourceTree = "<group>"; };
		A0E4A8B820FF743700392362 /* CoraFrameworkTests.xctest */ = {isa = PBXFileReference; explicitFileType = wrapper.cfbundle; includeInIndex = 0; path = CoraFrameworkTests.xctest; sourceTree = BUILT_PRODUCTS_DIR; };
		A0E4A8BD20FF743700392362 /* CoraFrameworkTests.swift */ = {isa = PBXFileReference; lastKnownFileType = sourcecode.swift; path = CoraFrameworkTests.swift; sourceTree = "<group>"; };
		A0E4A8BF20FF743700392362 /* Info.plist */ = {isa = PBXFileReference; lastKnownFileType = text.plist.xml; path = Info.plist; sourceTree = "<group>"; };
		A0E4A8C920FF756300392362 /* Cora.swift */ = {isa = PBXFileReference; lastKnownFileType = sourcecode.swift; path = Cora.swift; sourceTree = "<group>"; };
/* End PBXFileReference section */

/* Begin PBXFrameworksBuildPhase section */
		A0E4A8AB20FF743700392362 /* Frameworks */ = {
			isa = PBXFrameworksBuildPhase;
			buildActionMask = 2147483647;
			files = (
			);
			runOnlyForDeploymentPostprocessing = 0;
		};
		A0E4A8B520FF743700392362 /* Frameworks */ = {
			isa = PBXFrameworksBuildPhase;
			buildActionMask = 2147483647;
			files = (
				A0E4A8B920FF743700392362 /* CoraFramework.framework in Frameworks */,
			);
			runOnlyForDeploymentPostprocessing = 0;
		};
/* End PBXFrameworksBuildPhase section */

/* Begin PBXGroup section */
		A0E4A8A520FF743700392362 = {
			isa = PBXGroup;
			children = (
				A0E4A8B120FF743700392362 /* CoraFramework */,
				A0E4A8BC20FF743700392362 /* CoraFrameworkTests */,
				A0E4A8B020FF743700392362 /* Products */,
			);
			sourceTree = "<group>";
		};
		A0E4A8B020FF743700392362 /* Products */ = {
			isa = PBXGroup;
			children = (
				A0E4A8AF20FF743700392362 /* CoraFramework.framework */,
				A0E4A8B820FF743700392362 /* CoraFrameworkTests.xctest */,
			);
			name = Products;
			sourceTree = "<group>";
		};
		A0E4A8B120FF743700392362 /* CoraFramework */ = {
			isa = PBXGroup;
			children = (
				A0E4A8B220FF743700392362 /* CoraFramework.h */,
				A0E4A8B320FF743700392362 /* Info.plist */,
				A0E4A8C920FF756300392362 /* Cora.swift */,
			);
			path = CoraFramework;
			sourceTree = "<group>";
		};
		A0E4A8BC20FF743700392362 /* CoraFrameworkTests */ = {
			isa = PBXGroup;
			children = (
				A0E4A8BD20FF743700392362 /* CoraFrameworkTests.swift */,
				A0E4A8BF20FF743700392362 /* Info.plist */,
			);
			path = CoraFrameworkTests;
			sourceTree = "<group>";
		};
/* End PBXGroup section */

/* Begin PBXHeadersBuildPhase section */
		A0E4A8AC20FF743700392362 /* Headers */ = {
			isa = PBXHeadersBuildPhase;
			buildActionMask = 2147483647;
			files = (
				A0E4A8C020FF743700392362 /* CoraFramework.h in Headers */,
			);
			runOnlyForDeploymentPostprocessing = 0;
		};
/* End PBXHeadersBuildPhase section */

/* Begin PBXNativeTarget section */
		A0E4A8AE20FF743700392362 /* CoraFramework */ = {
			isa = PBXNativeTarget;
			buildConfigurationList = A0E4A8C320FF743700392362 /* Build configuration list for PBXNativeTarget "CoraFramework" */;
			buildPhases = (
				A0E4A8AA20FF743700392362 /* Sources */,
				A0E4A8AB20FF743700392362 /* Frameworks */,
				A0E4A8AC20FF743700392362 /* Headers */,
				A0E4A8AD20FF743700392362 /* Resources */,
			);
			buildRules = (
			);
			dependencies = (
			);
			name = CoraFramework;
			productName = CoraFramework;
			productReference = A0E4A8AF20FF743700392362 /* CoraFramework.framework */;
			productType = "com.apple.product-type.framework";
		};
		A0E4A8B720FF743700392362 /* CoraFrameworkTests */ = {
			isa = PBXNativeTarget;
			buildConfigurationList = A0E4A8C620FF743700392362 /* Build configuration list for PBXNativeTarget "CoraFrameworkTests" */;
			buildPhases = (
				A0E4A8B420FF743700392362 /* Sources */,
				A0E4A8B520FF743700392362 /* Frameworks */,
				A0E4A8B620FF743700392362 /* Resources */,
			);
			buildRules = (
			);
			dependencies = (
				A0E4A8BB20FF743700392362 /* PBXTargetDependency */,
			);
			name = CoraFrameworkTests;
			productName = CoraFrameworkTests;
			productReference = A0E4A8B820FF743700392362 /* CoraFrameworkTests.xctest */;
			productType = "com.apple.product-type.bundle.unit-test";
		};
/* End PBXNativeTarget section */

/* Begin PBXProject section */
		A0E4A8A620FF743700392362 /* Project object */ = {
			isa = PBXProject;
			attributes = {
				LastSwiftUpdateCheck = 0940;
				LastUpgradeCheck = 0940;
				ORGANIZATIONNAME = "Lucas Silva";
				TargetAttributes = {
					A0E4A8AE20FF743700392362 = {
						CreatedOnToolsVersion = 9.4.1;
						LastSwiftMigration = 0940;
					};
					A0E4A8B720FF743700392362 = {
						CreatedOnToolsVersion = 9.4.1;
					};
				};
			};
			buildConfigurationList = A0E4A8A920FF743700392362 /* Build configuration list for PBXProject "CoraFramework" */;
			compatibilityVersion = "Xcode 9.3";
			developmentRegion = en;
			hasScannedForEncodings = 0;
			knownRegions = (
				en,
			);
			mainGroup = A0E4A8A520FF743700392362;
			productRefGroup = A0E4A8B020FF743700392362 /* Products */;
			projectDirPath = "";
			projectRoot = "";
			targets = (
				A0E4A8AE20FF743700392362 /* CoraFramework */,
				A0E4A8B720FF743700392362 /* CoraFrameworkTests */,
			);
		};
/* End PBXProject section */

/* Begin PBXResourcesBuildPhase section */
		A0E4A8AD20FF743700392362 /* Resources */ = {
			isa = PBXResourcesBuildPhase;
			buildActionMask = 2147483647;
			files = (
			);
			runOnlyForDeploymentPostprocessing = 0;
		};
		A0E4A8B620FF743700392362 /* Resources */ = {
			isa = PBXResourcesBuildPhase;
			buildActionMask = 2147483647;
			files = (
			);
			runOnlyForDeploymentPostprocessing = 0;
		};
/* End PBXResourcesBuildPhase section */

/* Begin PBXSourcesBuildPhase section */
		A0E4A8AA20FF743700392362 /* Sources */ = {
			isa = PBXSourcesBuildPhase;
			buildActionMask = 2147483647;
			files = (
				A0E4A8CA20FF756300392362 /* Cora.swift in Sources */,
			);
			runOnlyForDeploymentPostprocessing = 0;
		};
		A0E4A8B420FF743700392362 /* Sources */ = {
			isa = PBXSourcesBuildPhase;
			buildActionMask = 2147483647;
			files = (
				A0E4A8BE20FF743700392362 /* CoraFrameworkTests.swift in Sources */,
			);
			runOnlyForDeploymentPostprocessing = 0;
		};
/* End PBXSourcesBuildPhase section */

/* Begin PBXTargetDependency section */
		A0E4A8BB20FF743700392362 /* PBXTargetDependency */ = {
			isa = PBXTargetDependency;
			target = A0E4A8AE20FF743700392362 /* CoraFramework */;
			targetProxy = A0E4A8BA20FF743700392362 /* PBXContainerItemProxy */;
		};
/* End PBXTargetDependency section */

/* Begin XCBuildConfiguration section */
		A0E4A8C120FF743700392362 /* Debug */ = {
			isa = XCBuildConfiguration;
			buildSettings = {
				ALWAYS_SEARCH_USER_PATHS = NO;
				CLANG_ANALYZER_NONNULL = YES;
				CLANG_ANALYZER_NUMBER_OBJECT_CONVERSION = YES_AGGRESSIVE;
				CLANG_CXX_LANGUAGE_STANDARD = "gnu++14";
				CLANG_CXX_LIBRARY = "libc++";
				CLANG_ENABLE_MODULES = YES;
				CLANG_ENABLE_OBJC_ARC = YES;
				CLANG_ENABLE_OBJC_WEAK = YES;
				CLANG_WARN_BLOCK_CAPTURE_AUTORELEASING = YES;
				CLANG_WARN_BOOL_CONVERSION = YES;
				CLANG_WARN_COMMA = YES;
				CLANG_WARN_CONSTANT_CONVERSION = YES;
				CLANG_WARN_DEPRECATED_OBJC_IMPLEMENTATIONS = YES;
				CLANG_WARN_DIRECT_OBJC_ISA_USAGE = YES_ERROR;
				CLANG_WARN_DOCUMENTATION_COMMENTS = YES;
				CLANG_WARN_EMPTY_BODY = YES;
				CLANG_WARN_ENUM_CONVERSION = YES;
				CLANG_WARN_INFINITE_RECURSION = YES;
				CLANG_WARN_INT_CONVERSION = YES;
				CLANG_WARN_NON_LITERAL_NULL_CONVERSION = YES;
				CLANG_WARN_OBJC_IMPLICIT_RETAIN_SELF = YES;
				CLANG_WARN_OBJC_LITERAL_CONVERSION = YES;
				CLANG_WARN_OBJC_ROOT_CLASS = YES_ERROR;
				CLANG_WARN_RANGE_LOOP_ANALYSIS = YES;
				CLANG_WARN_STRICT_PROTOTYPES = YES;
				CLANG_WARN_SUSPICIOUS_MOVE = YES;
				CLANG_WARN_UNGUARDED_AVAILABILITY = YES_AGGRESSIVE;
				CLANG_WARN_UNREACHABLE_CODE = YES;
				CLANG_WARN__DUPLICATE_METHOD_MATCH = YES;
				CODE_SIGN_IDENTITY = "iPhone Developer";
				COPY_PHASE_STRIP = NO;
				CURRENT_PROJECT_VERSION = 1;
				DEBUG_INFORMATION_FORMAT = dwarf;
				ENABLE_STRICT_OBJC_MSGSEND = YES;
				ENABLE_TESTABILITY = YES;
				GCC_C_LANGUAGE_STANDARD = gnu11;
				GCC_DYNAMIC_NO_PIC = NO;
				GCC_NO_COMMON_BLOCKS = YES;
				GCC_OPTIMIZATION_LEVEL = 0;
				GCC_PREPROCESSOR_DEFINITIONS = (
					"DEBUG=1",
					"$(inherited)",
				);
				GCC_WARN_64_TO_32_BIT_CONVERSION = YES;
				GCC_WARN_ABOUT_RETURN_TYPE = YES_ERROR;
				GCC_WARN_UNDECLARED_SELECTOR = YES;
				GCC_WARN_UNINITIALIZED_AUTOS = YES_AGGRESSIVE;
				GCC_WARN_UNUSED_FUNCTION = YES;
				GCC_WARN_UNUSED_VARIABLE = YES;
				IPHONEOS_DEPLOYMENT_TARGET = 11.4;
				MTL_ENABLE_DEBUG_INFO = YES;
				ONLY_ACTIVE_ARCH = YES;
				SDKROOT = iphoneos;
				SWIFT_ACTIVE_COMPILATION_CONDITIONS = DEBUG;
				SWIFT_OPTIMIZATION_LEVEL = "-Onone";
				VERSIONING_SYSTEM = "apple-generic";
				VERSION_INFO_PREFIX = "";
			};
			name = Debug;
		};
		A0E4A8C220FF743700392362 /* Release */ = {
			isa = XCBuildConfiguration;
			buildSettings = {
				ALWAYS_SEARCH_USER_PATHS = NO;
				CLANG_ANALYZER_NONNULL = YES;
				CLANG_ANALYZER_NUMBER_OBJECT_CONVERSION = YES_AGGRESSIVE;
				CLANG_CXX_LANGUAGE_STANDARD = "gnu++14";
				CLANG_CXX_LIBRARY = "libc++";
				CLANG_ENABLE_MODULES = YES;
				CLANG_ENABLE_OBJC_ARC = YES;
				CLANG_ENABLE_OBJC_WEAK = YES;
				CLANG_WARN_BLOCK_CAPTURE_AUTORELEASING = YES;
				CLANG_WARN_BOOL_CONVERSION = YES;
				CLANG_WARN_COMMA = YES;
				CLANG_WARN_CONSTANT_CONVERSION = YES;
				CLANG_WARN_DEPRECATED_OBJC_IMPLEMENTATIONS = YES;
				CLANG_WARN_DIRECT_OBJC_ISA_USAGE = YES_ERROR;
				CLANG_WARN_DOCUMENTATION_COMMENTS = YES;
				CLANG_WARN_EMPTY_BODY = YES;
				CLANG_WARN_ENUM_CONVERSION = YES;
				CLANG_WARN_INFINITE_RECURSION = YES;
				CLANG_WARN_INT_CONVERSION = YES;
				CLANG_WARN_NON_LITERAL_NULL_CONVERSION = YES;
				CLANG_WARN_OBJC_IMPLICIT_RETAIN_SELF = YES;
				CLANG_WARN_OBJC_LITERAL_CONVERSION = YES;
				CLANG_WARN_OBJC_ROOT_CLASS = YES_ERROR;
				CLANG_WARN_RANGE_LOOP_ANALYSIS = YES;
				CLANG_WARN_STRICT_PROTOTYPES = YES;
				CLANG_WARN_SUSPICIOUS_MOVE = YES;
				CLANG_WARN_UNGUARDED_AVAILABILITY = YES_AGGRESSIVE;
				CLANG_WARN_UNREACHABLE_CODE = YES;
				CLANG_WARN__DUPLICATE_METHOD_MATCH = YES;
				CODE_SIGN_IDENTITY = "iPhone Developer";
				COPY_PHASE_STRIP = NO;
				CURRENT_PROJECT_VERSION = 1;
				DEBUG_INFORMATION_FORMAT = "dwarf-with-dsym";
				ENABLE_NS_ASSERTIONS = NO;
				ENABLE_STRICT_OBJC_MSGSEND = YES;
				GCC_C_LANGUAGE_STANDARD = gnu11;
				GCC_NO_COMMON_BLOCKS = YES;
				GCC_WARN_64_TO_32_BIT_CONVERSION = YES;
				GCC_WARN_ABOUT_RETURN_TYPE = YES_ERROR;
				GCC_WARN_UNDECLARED_SELECTOR = YES;
				GCC_WARN_UNINITIALIZED_AUTOS = YES_AGGRESSIVE;
				GCC_WARN_UNUSED_FUNCTION = YES;
				GCC_WARN_UNUSED_VARIABLE = YES;
				IPHONEOS_DEPLOYMENT_TARGET = 11.4;
				MTL_ENABLE_DEBUG_INFO = NO;
				SDKROOT = iphoneos;
				SWIFT_COMPILATION_MODE = wholemodule;
				SWIFT_OPTIMIZATION_LEVEL = "-O";
				VALIDATE_PRODUCT = YES;
				VERSIONING_SYSTEM = "apple-generic";
				VERSION_INFO_PREFIX = "";
			};
			name = Release;
		};
		A0E4A8C420FF743700392362 /* Debug */ = {
			isa = XCBuildConfiguration;
			buildSettings = {
				CLANG_ENABLE_MODULES = YES;
				CODE_SIGN_IDENTITY = "";
				CODE_SIGN_STYLE = Automatic;
				DEFINES_MODULE = YES;
				DYLIB_COMPATIBILITY_VERSION = 1;
				DYLIB_CURRENT_VERSION = 1;
				DYLIB_INSTALL_NAME_BASE = "@rpath";
				INFOPLIST_FILE = CoraFramework/Info.plist;
				INSTALL_PATH = "$(LOCAL_LIBRARY_DIR)/Frameworks";
				LD_RUNPATH_SEARCH_PATHS = (
					"$(inherited)",
					"@executable_path/Frameworks",
					"@loader_path/Frameworks",
				);
				PRODUCT_BUNDLE_IDENTIFIER = br.com.cora.CoraFramework;
				PRODUCT_NAME = "$(TARGET_NAME:c99extidentifier)";
				SKIP_INSTALL = YES;
				SWIFT_OPTIMIZATION_LEVEL = "-Onone";
				SWIFT_VERSION = 4.0;
				TARGETED_DEVICE_FAMILY = "1,2";
			};
			name = Debug;
		};
		A0E4A8C520FF743700392362 /* Release */ = {
			isa = XCBuildConfiguration;
			buildSettings = {
				CLANG_ENABLE_MODULES = YES;
				CODE_SIGN_IDENTITY = "";
				CODE_SIGN_STYLE = Automatic;
				DEFINES_MODULE = YES;
				DYLIB_COMPATIBILITY_VERSION = 1;
				DYLIB_CURRENT_VERSION = 1;
				DYLIB_INSTALL_NAME_BASE = "@rpath";
				INFOPLIST_FILE = CoraFramework/Info.plist;
				INSTALL_PATH = "$(LOCAL_LIBRARY_DIR)/Frameworks";
				LD_RUNPATH_SEARCH_PATHS = (
					"$(inherited)",
					"@executable_path/Frameworks",
					"@loader_path/Frameworks",
				);
				PRODUCT_BUNDLE_IDENTIFIER = br.com.cora.CoraFramework;
				PRODUCT_NAME = "$(TARGET_NAME:c99extidentifier)";
				SKIP_INSTALL = YES;
				SWIFT_VERSION = 4.0;
				TARGETED_DEVICE_FAMILY = "1,2";
			};
			name = Release;
		};
		A0E4A8C720FF743700392362 /* Debug */ = {
			isa = XCBuildConfiguration;
			buildSettings = {
				ALWAYS_EMBED_SWIFT_STANDARD_LIBRARIES = YES;
				CODE_SIGN_STYLE = Automatic;
				INFOPLIST_FILE = CoraFrameworkTests/Info.plist;
				LD_RUNPATH_SEARCH_PATHS = (
					"$(inherited)",
					"@executable_path/Frameworks",
					"@loader_path/Frameworks",
				);
				PRODUCT_BUNDLE_IDENTIFIER = br.com.cora.CoraFrameworkTests;
				PRODUCT_NAME = "$(TARGET_NAME)";
				SWIFT_VERSION = 4.0;
				TARGETED_DEVICE_FAMILY = "1,2";
			};
			name = Debug;
		};
		A0E4A8C820FF743700392362 /* Release */ = {
			isa = XCBuildConfiguration;
			buildSettings = {
				ALWAYS_EMBED_SWIFT_STANDARD_LIBRARIES = YES;
				CODE_SIGN_STYLE = Automatic;
				INFOPLIST_FILE = CoraFrameworkTests/Info.plist;
				LD_RUNPATH_SEARCH_PATHS = (
					"$(inherited)",
					"@executable_path/Frameworks",
					"@loader_path/Frameworks",
				);
				PRODUCT_BUNDLE_IDENTIFIER = br.com.cora.CoraFrameworkTests;
				PRODUCT_NAME = "$(TARGET_NAME)";
				SWIFT_VERSION = 4.0;
				TARGETED_DEVICE_FAMILY = "1,2";
			};
			name = Release;
		};
/* End XCBuildConfiguration section */

/* Begin XCConfigurationList section */
		A0E4A8A920FF743700392362 /* Build configuration list for PBXProject "CoraFramework" */ = {
			isa = XCConfigurationList;
			buildConfigurations = (
				A0E4A8C120FF743700392362 /* Debug */,
				A0E4A8C220FF743700392362 /* Release */,
			);
			defaultConfigurationIsVisible = 0;
			defaultConfigurationName = Release;
		};
		A0E4A8C320FF743700392362 /* Build configuration list for PBXNativeTarget "CoraFramework" */ = {
			isa = XCConfigurationList;
			buildConfigurations = (
				A0E4A8C420FF743700392362 /* Debug */,
				A0E4A8C520FF743700392362 /* Release */,
			);
			defaultConfigurationIsVisible = 0;
			defaultConfigurationName = Release;
		};
		A0E4A8C620FF743700392362 /* Build configuration list for PBXNativeTarget "CoraFrameworkTests" */ = {
			isa = XCConfigurationList;
			buildConfigurations = (
				A0E4A8C720FF743700392362 /* Debug */,
				A0E4A8C820FF743700392362 /* Release */,
			);
			defaultConfigurationIsVisible = 0;
			defaultConfigurationName = Release;
		};
/* End XCConfigurationList section */
	};
	rootObject = A0E4A8A620FF743700392362 /* Project object */;
}
